
Microsoft Visual Studio Solution File, Format Version 12.00
# Visual Studio Version 17
VisualStudioVersion = 17.11.35222.181
MinimumVisualStudioVersion = 10.0.40219.1
Project("{FAE04EC0-301F-11D3-BF4B-00C04F79EFBC}") = "HotelBooking", "HotelBooking.csproj", "{78CB8522-EA2F-4CD1-A0F3-590AEAF2B88E}"
EndProject
Global
	GlobalSection(SolutionConfigurationPlatforms) = preSolution
		Debug|Any CPU = Debug|Any CPU
		Release|Any CPU = Release|Any CPU
	EndGlobalSection
	GlobalSection(ProjectConfigurationPlatforms) = postSolution
		{78CB8522-EA2F-4CD1-A0F3-590AEAF2B88E}.Debug|Any CPU.ActiveCfg = Debug|Any CPU
		{78CB8522-EA2F-4CD1-A0F3-590AEAF2B88E}.Debug|Any CPU.Build.0 = Debug|Any CPU
		{78CB8522-EA2F-4CD1-A0F3-590AEAF2B88E}.Release|Any CPU.ActiveCfg = Release|Any CPU
		{78CB8522-EA2F-4CD1-A0F3-590AEAF2B88E}.Release|Any CPU.Build.0 = Release|Any CPU
	EndGlobalSection
	GlobalSection(SolutionProperties) = preSolution
		HideSolutionNode = FALSE
	EndGlobalSection
	GlobalSection(ExtensibilityGlobals) = postSolution
		SolutionGuid = {31727CA4-ED70-4633-8056-986E9524AFE4}
	EndGlobalSection
EndGlobal
